// !$*UTF8*$!
{
	archiveVersion = 1;
	classes = {
	};
	objectVersion = 51;
	objects = {

/* Begin PBXBuildFile section */
		17458F11A375332961384CF1 /* Pods_LineChartDentalStatsTests.framework in Frameworks */ = {isa = PBXBuildFile; fileRef = 8FB750CCC6C6DB978D8644C3 /* Pods_LineChartDentalStatsTests.framework */; };
		33E2B5D8115118233AB07070 /* Pods_LineChartDentalStats.framework in Frameworks */ = {isa = PBXBuildFile; fileRef = 0BDEB38B020808E58FB5BB35 /* Pods_LineChartDentalStats.framework */; };
		EE919D3D24049D9C00176E32 /* OHHTTPTest.swift in Sources */ = {isa = PBXBuildFile; fileRef = EE919D3C24049D9C00176E32 /* OHHTTPTest.swift */; };
		EE919D3F2404B04E00176E32 /* DentalDataPoints.swift in Sources */ = {isa = PBXBuildFile; fileRef = EE919D3E2404B04E00176E32 /* DentalDataPoints.swift */; };
		EE919D412404B2A900176E32 /* 1.json in Resources */ = {isa = PBXBuildFile; fileRef = EE919D402404B2A900176E32 /* 1.json */; };
		EE919D712405A88700176E32 /* LineChartDentalStatsUITests.swift in Sources */ = {isa = PBXBuildFile; fileRef = EE919D702405A88700176E32 /* LineChartDentalStatsUITests.swift */; };
		EECB49FC24038867007326E4 /* AppDelegate.swift in Sources */ = {isa = PBXBuildFile; fileRef = EECB49FB24038867007326E4 /* AppDelegate.swift */; };
		EECB49FE24038867007326E4 /* SceneDelegate.swift in Sources */ = {isa = PBXBuildFile; fileRef = EECB49FD24038867007326E4 /* SceneDelegate.swift */; };
		EECB4A0024038867007326E4 /* ViewController.swift in Sources */ = {isa = PBXBuildFile; fileRef = EECB49FF24038867007326E4 /* ViewController.swift */; };
		EECB4A0324038867007326E4 /* Main.storyboard in Resources */ = {isa = PBXBuildFile; fileRef = EECB4A0124038867007326E4 /* Main.storyboard */; };
		EECB4A052403886A007326E4 /* Assets.xcassets in Resources */ = {isa = PBXBuildFile; fileRef = EECB4A042403886A007326E4 /* Assets.xcassets */; };
		EECB4A082403886A007326E4 /* LaunchScreen.storyboard in Resources */ = {isa = PBXBuildFile; fileRef = EECB4A062403886A007326E4 /* LaunchScreen.storyboard */; };
		EECB4A10240389B4007326E4 /* DentalDataPoint.swift in Sources */ = {isa = PBXBuildFile; fileRef = EECB4A0F240389B4007326E4 /* DentalDataPoint.swift */; };
		EECB4A2124039036007326E4 /* DentalDataPointTests.swift in Sources */ = {isa = PBXBuildFile; fileRef = EECB4A1124038FBC007326E4 /* DentalDataPointTests.swift */; };
/* End PBXBuildFile section */

/* Begin PBXContainerItemProxy section */
		EE919D732405A88700176E32 /* PBXContainerItemProxy */ = {
			isa = PBXContainerItemProxy;
			containerPortal = EECB49F024038867007326E4 /* Project object */;
			proxyType = 1;
			remoteGlobalIDString = EECB49F724038867007326E4;
			remoteInfo = LineChartDentalStats;
		};
		EECB4A1C24039026007326E4 /* PBXContainerItemProxy */ = {
			isa = PBXContainerItemProxy;
			containerPortal = EECB49F024038867007326E4 /* Project object */;
			proxyType = 1;
			remoteGlobalIDString = EECB49F724038867007326E4;
			remoteInfo = LineChartDentalStats;
		};
/* End PBXContainerItemProxy section */

/* Begin PBXFileReference section */
		0BDEB38B020808E58FB5BB35 /* Pods_LineChartDentalStats.framework */ = {isa = PBXFileReference; explicitFileType = wrapper.framework; includeInIndex = 0; path = Pods_LineChartDentalStats.framework; sourceTree = BUILT_PRODUCTS_DIR; };
		84584069BA813F26BC04F749 /* Pods-LineChartDentalStatsTests.release.xcconfig */ = {isa = PBXFileReference; includeInIndex = 1; lastKnownFileType = text.xcconfig; name = "Pods-LineChartDentalStatsTests.release.xcconfig"; path = "Target Support Files/Pods-LineChartDentalStatsTests/Pods-LineChartDentalStatsTests.release.xcconfig"; sourceTree = "<group>"; };
		8FB750CCC6C6DB978D8644C3 /* Pods_LineChartDentalStatsTests.framework */ = {isa = PBXFileReference; explicitFileType = wrapper.framework; includeInIndex = 0; path = Pods_LineChartDentalStatsTests.framework; sourceTree = BUILT_PRODUCTS_DIR; };
		AAEC47B1300F9DD028DFFE64 /* Pods-LineChartDentalStatsTests.debug.xcconfig */ = {isa = PBXFileReference; includeInIndex = 1; lastKnownFileType = text.xcconfig; name = "Pods-LineChartDentalStatsTests.debug.xcconfig"; path = "Target Support Files/Pods-LineChartDentalStatsTests/Pods-LineChartDentalStatsTests.debug.xcconfig"; sourceTree = "<group>"; };
		B481AB021420343B2590F0FD /* Pods-LineChartDentalStats.debug.xcconfig */ = {isa = PBXFileReference; includeInIndex = 1; lastKnownFileType = text.xcconfig; name = "Pods-LineChartDentalStats.debug.xcconfig"; path = "Target Support Files/Pods-LineChartDentalStats/Pods-LineChartDentalStats.debug.xcconfig"; sourceTree = "<group>"; };
		D0BD00092AD8AF5AA9F2E470 /* Pods-LineChartDentalStats.release.xcconfig */ = {isa = PBXFileReference; includeInIndex = 1; lastKnownFileType = text.xcconfig; name = "Pods-LineChartDentalStats.release.xcconfig"; path = "Target Support Files/Pods-LineChartDentalStats/Pods-LineChartDentalStats.release.xcconfig"; sourceTree = "<group>"; };
		EE919D3C24049D9C00176E32 /* OHHTTPTest.swift */ = {isa = PBXFileReference; lastKnownFileType = sourcecode.swift; path = OHHTTPTest.swift; sourceTree = "<group>"; };
		EE919D3E2404B04E00176E32 /* DentalDataPoints.swift */ = {isa = PBXFileReference; lastKnownFileType = sourcecode.swift; path = DentalDataPoints.swift; sourceTree = "<group>"; };
		EE919D402404B2A900176E32 /* 1.json */ = {isa = PBXFileReference; fileEncoding = 4; lastKnownFileType = text.json; name = 1.json; path = ../../api/1.json; sourceTree = "<group>"; };
		EE919D6E2405A88700176E32 /* LineChartDentalStatsUITests.xctest */ = {isa = PBXFileReference; explicitFileType = wrapper.cfbundle; includeInIndex = 0; path = LineChartDentalStatsUITests.xctest; sourceTree = BUILT_PRODUCTS_DIR; };
		EE919D702405A88700176E32 /* LineChartDentalStatsUITests.swift */ = {isa = PBXFileReference; lastKnownFileType = sourcecode.swift; path = LineChartDentalStatsUITests.swift; sourceTree = "<group>"; };
		EE919D722405A88700176E32 /* Info.plist */ = {isa = PBXFileReference; lastKnownFileType = text.plist.xml; path = Info.plist; sourceTree = "<group>"; };
		EECB49F824038867007326E4 /* LineChartDentalStats.app */ = {isa = PBXFileReference; explicitFileType = wrapper.application; includeInIndex = 0; path = LineChartDentalStats.app; sourceTree = BUILT_PRODUCTS_DIR; };
		EECB49FB24038867007326E4 /* AppDelegate.swift */ = {isa = PBXFileReference; lastKnownFileType = sourcecode.swift; path = AppDelegate.swift; sourceTree = "<group>"; };
		EECB49FD24038867007326E4 /* SceneDelegate.swift */ = {isa = PBXFileReference; lastKnownFileType = sourcecode.swift; path = SceneDelegate.swift; sourceTree = "<group>"; };
		EECB49FF24038867007326E4 /* ViewController.swift */ = {isa = PBXFileReference; lastKnownFileType = sourcecode.swift; path = ViewController.swift; sourceTree = "<group>"; };
		EECB4A0224038867007326E4 /* Base */ = {isa = PBXFileReference; lastKnownFileType = file.storyboard; name = Base; path = Base.lproj/Main.storyboard; sourceTree = "<group>"; };
		EECB4A042403886A007326E4 /* Assets.xcassets */ = {isa = PBXFileReference; lastKnownFileType = folder.assetcatalog; path = Assets.xcassets; sourceTree = "<group>"; };
		EECB4A072403886A007326E4 /* Base */ = {isa = PBXFileReference; lastKnownFileType = file.storyboard; name = Base; path = Base.lproj/LaunchScreen.storyboard; sourceTree = "<group>"; };
		EECB4A092403886A007326E4 /* Info.plist */ = {isa = PBXFileReference; lastKnownFileType = text.plist.xml; path = Info.plist; sourceTree = "<group>"; };
		EECB4A0F240389B4007326E4 /* DentalDataPoint.swift */ = {isa = PBXFileReference; lastKnownFileType = sourcecode.swift; path = DentalDataPoint.swift; sourceTree = "<group>"; };
		EECB4A1124038FBC007326E4 /* DentalDataPointTests.swift */ = {isa = PBXFileReference; lastKnownFileType = sourcecode.swift; path = DentalDataPointTests.swift; sourceTree = "<group>"; };
		EECB4A1724039026007326E4 /* LineChartDentalStatsTests.xctest */ = {isa = PBXFileReference; explicitFileType = wrapper.cfbundle; includeInIndex = 0; path = LineChartDentalStatsTests.xctest; sourceTree = BUILT_PRODUCTS_DIR; };
		EECB4A1B24039026007326E4 /* Info.plist */ = {isa = PBXFileReference; lastKnownFileType = text.plist.xml; path = Info.plist; sourceTree = "<group>"; };
/* End PBXFileReference section */

/* Begin PBXFrameworksBuildPhase section */
		EE919D6B2405A88700176E32 /* Frameworks */ = {
			isa = PBXFrameworksBuildPhase;
			buildActionMask = 2147483647;
			files = (
			);
			runOnlyForDeploymentPostprocessing = 0;
		};
		EECB49F524038867007326E4 /* Frameworks */ = {
			isa = PBXFrameworksBuildPhase;
			buildActionMask = 2147483647;
			files = (
				33E2B5D8115118233AB07070 /* Pods_LineChartDentalStats.framework in Frameworks */,
			);
			runOnlyForDeploymentPostprocessing = 0;
		};
		EECB4A1424039026007326E4 /* Frameworks */ = {
			isa = PBXFrameworksBuildPhase;
			buildActionMask = 2147483647;
			files = (
				17458F11A375332961384CF1 /* Pods_LineChartDentalStatsTests.framework in Frameworks */,
			);
			runOnlyForDeploymentPostprocessing = 0;
		};
/* End PBXFrameworksBuildPhase section */

/* Begin PBXGroup section */
		E05F8D69BFC266718131C145 /* Frameworks */ = {
			isa = PBXGroup;
			children = (
				0BDEB38B020808E58FB5BB35 /* Pods_LineChartDentalStats.framework */,
				8FB750CCC6C6DB978D8644C3 /* Pods_LineChartDentalStatsTests.framework */,
			);
			name = Frameworks;
			sourceTree = "<group>";
		};
		EE919D6F2405A88700176E32 /* LineChartDentalStatsUITests */ = {
			isa = PBXGroup;
			children = (
				EE919D702405A88700176E32 /* LineChartDentalStatsUITests.swift */,
				EE919D722405A88700176E32 /* Info.plist */,
			);
			path = LineChartDentalStatsUITests;
			sourceTree = "<group>";
		};
		EECB49EF24038867007326E4 = {
			isa = PBXGroup;
			children = (
				EECB49FA24038867007326E4 /* LineChartDentalStats */,
				EECB4A1824039026007326E4 /* LineChartDentalStatsTests */,
				EE919D6F2405A88700176E32 /* LineChartDentalStatsUITests */,
				EECB49F924038867007326E4 /* Products */,
				FA7CC7E2B9464267C392814F /* Pods */,
				E05F8D69BFC266718131C145 /* Frameworks */,
			);
			sourceTree = "<group>";
		};
		EECB49F924038867007326E4 /* Products */ = {
			isa = PBXGroup;
			children = (
				EECB49F824038867007326E4 /* LineChartDentalStats.app */,
				EECB4A1724039026007326E4 /* LineChartDentalStatsTests.xctest */,
				EE919D6E2405A88700176E32 /* LineChartDentalStatsUITests.xctest */,
			);
			name = Products;
			sourceTree = "<group>";
		};
		EECB49FA24038867007326E4 /* LineChartDentalStats */ = {
			isa = PBXGroup;
			children = (
				EECB4A0F240389B4007326E4 /* DentalDataPoint.swift */,
				EE919D3E2404B04E00176E32 /* DentalDataPoints.swift */,
				EECB49FB24038867007326E4 /* AppDelegate.swift */,
				EECB49FD24038867007326E4 /* SceneDelegate.swift */,
				EECB49FF24038867007326E4 /* ViewController.swift */,
				EECB4A0124038867007326E4 /* Main.storyboard */,
				EECB4A042403886A007326E4 /* Assets.xcassets */,
				EECB4A062403886A007326E4 /* LaunchScreen.storyboard */,
				EECB4A092403886A007326E4 /* Info.plist */,
			);
			path = LineChartDentalStats;
			sourceTree = "<group>";
		};
		EECB4A1824039026007326E4 /* LineChartDentalStatsTests */ = {
			isa = PBXGroup;
			children = (
				EE919D402404B2A900176E32 /* 1.json */,
				EECB4A1124038FBC007326E4 /* DentalDataPointTests.swift */,
				EE919D3C24049D9C00176E32 /* OHHTTPTest.swift */,
				EECB4A1B24039026007326E4 /* Info.plist */,
			);
			path = LineChartDentalStatsTests;
			sourceTree = "<group>";
		};
		FA7CC7E2B9464267C392814F /* Pods */ = {
			isa = PBXGroup;
			children = (
				B481AB021420343B2590F0FD /* Pods-LineChartDentalStats.debug.xcconfig */,
				D0BD00092AD8AF5AA9F2E470 /* Pods-LineChartDentalStats.release.xcconfig */,
				AAEC47B1300F9DD028DFFE64 /* Pods-LineChartDentalStatsTests.debug.xcconfig */,
				84584069BA813F26BC04F749 /* Pods-LineChartDentalStatsTests.release.xcconfig */,
			);
			path = Pods;
			sourceTree = "<group>";
		};
/* End PBXGroup section */

/* Begin PBXNativeTarget section */
		EE919D6D2405A88700176E32 /* LineChartDentalStatsUITests */ = {
			isa = PBXNativeTarget;
			buildConfigurationList = EE919D772405A88700176E32 /* Build configuration list for PBXNativeTarget "LineChartDentalStatsUITests" */;
			buildPhases = (
				EE919D6A2405A88700176E32 /* Sources */,
				EE919D6B2405A88700176E32 /* Frameworks */,
				EE919D6C2405A88700176E32 /* Resources */,
			);
			buildRules = (
			);
			dependencies = (
				EE919D742405A88700176E32 /* PBXTargetDependency */,
			);
			name = LineChartDentalStatsUITests;
			productName = LineChartDentalStatsUITests;
			productReference = EE919D6E2405A88700176E32 /* LineChartDentalStatsUITests.xctest */;
			productType = "com.apple.product-type.bundle.ui-testing";
		};
		EECB49F724038867007326E4 /* LineChartDentalStats */ = {
			isa = PBXNativeTarget;
			buildConfigurationList = EECB4A0C2403886A007326E4 /* Build configuration list for PBXNativeTarget "LineChartDentalStats" */;
			buildPhases = (
				2BF7CE5CB5E3E368435180BD /* [CP] Check Pods Manifest.lock */,
				EECB49F424038867007326E4 /* Sources */,
				EECB49F524038867007326E4 /* Frameworks */,
				EECB49F624038867007326E4 /* Resources */,
				C6CC4D4A4F6067BE34E86116 /* [CP] Embed Pods Frameworks */,
			);
			buildRules = (
			);
			dependencies = (
			);
			name = LineChartDentalStats;
			productName = LineChartDentalStats;
			productReference = EECB49F824038867007326E4 /* LineChartDentalStats.app */;
			productType = "com.apple.product-type.application";
		};
		EECB4A1624039026007326E4 /* LineChartDentalStatsTests */ = {
			isa = PBXNativeTarget;
			buildConfigurationList = EECB4A1E24039026007326E4 /* Build configuration list for PBXNativeTarget "LineChartDentalStatsTests" */;
			buildPhases = (
				5C19A48C301C40C0637BCD32 /* [CP] Check Pods Manifest.lock */,
				EECB4A1324039026007326E4 /* Sources */,
				EECB4A1424039026007326E4 /* Frameworks */,
				EECB4A1524039026007326E4 /* Resources */,
				888F71D0D257641BB8397A01 /* [CP] Embed Pods Frameworks */,
			);
			buildRules = (
			);
			dependencies = (
				EECB4A1D24039026007326E4 /* PBXTargetDependency */,
			);
			name = LineChartDentalStatsTests;
			productName = LineChartDentalStatsTests;
			productReference = EECB4A1724039026007326E4 /* LineChartDentalStatsTests.xctest */;
			productType = "com.apple.product-type.bundle.unit-test";
		};
/* End PBXNativeTarget section */

/* Begin PBXProject section */
		EECB49F024038867007326E4 /* Project object */ = {
			isa = PBXProject;
			attributes = {
				LastSwiftUpdateCheck = 1130;
				LastUpgradeCheck = 1130;
				ORGANIZATIONNAME = "Raymond Chen";
				TargetAttributes = {
					EE919D6D2405A88700176E32 = {
						CreatedOnToolsVersion = 11.3.1;
						TestTargetID = EECB49F724038867007326E4;
					};
					EECB49F724038867007326E4 = {
						CreatedOnToolsVersion = 11.3.1;
					};
					EECB4A1624039026007326E4 = {
						CreatedOnToolsVersion = 11.3.1;
						TestTargetID = EECB49F724038867007326E4;
					};
				};
			};
			buildConfigurationList = EECB49F324038867007326E4 /* Build configuration list for PBXProject "LineChartDentalStats" */;
			compatibilityVersion = "Xcode 9.3";
			developmentRegion = en;
			hasScannedForEncodings = 0;
			knownRegions = (
				en,
				Base,
			);
			mainGroup = EECB49EF24038867007326E4;
			productRefGroup = EECB49F924038867007326E4 /* Products */;
			projectDirPath = "";
			projectRoot = "";
			targets = (
				EECB49F724038867007326E4 /* LineChartDentalStats */,
				EECB4A1624039026007326E4 /* LineChartDentalStatsTests */,
				EE919D6D2405A88700176E32 /* LineChartDentalStatsUITests */,
			);
		};
/* End PBXProject section */

/* Begin PBXResourcesBuildPhase section */
		EE919D6C2405A88700176E32 /* Resources */ = {
			isa = PBXResourcesBuildPhase;
			buildActionMask = 2147483647;
			files = (
			);
			runOnlyForDeploymentPostprocessing = 0;
		};
		EECB49F624038867007326E4 /* Resources */ = {
			isa = PBXResourcesBuildPhase;
			buildActionMask = 2147483647;
			files = (
				EECB4A082403886A007326E4 /* LaunchScreen.storyboard in Resources */,
				EECB4A052403886A007326E4 /* Assets.xcassets in Resources */,
				EECB4A0324038867007326E4 /* Main.storyboard in Resources */,
			);
			runOnlyForDeploymentPostprocessing = 0;
		};
		EECB4A1524039026007326E4 /* Resources */ = {
			isa = PBXResourcesBuildPhase;
			buildActionMask = 2147483647;
			files = (
				EE919D412404B2A900176E32 /* 1.json in Resources */,
			);
			runOnlyForDeploymentPostprocessing = 0;
		};
/* End PBXResourcesBuildPhase section */

/* Begin PBXShellScriptBuildPhase section */
		2BF7CE5CB5E3E368435180BD /* [CP] Check Pods Manifest.lock */ = {
			isa = PBXShellScriptBuildPhase;
			buildActionMask = 2147483647;
			files = (
			);
			inputFileListPaths = (
			);
			inputPaths = (
				"${PODS_PODFILE_DIR_PATH}/Podfile.lock",
				"${PODS_ROOT}/Manifest.lock",
			);
			name = "[CP] Check Pods Manifest.lock";
			outputFileListPaths = (
			);
			outputPaths = (
				"$(DERIVED_FILE_DIR)/Pods-LineChartDentalStats-checkManifestLockResult.txt",
			);
			runOnlyForDeploymentPostprocessing = 0;
			shellPath = /bin/sh;
			shellScript = "diff \"${PODS_PODFILE_DIR_PATH}/Podfile.lock\" \"${PODS_ROOT}/Manifest.lock\" > /dev/null\nif [ $? != 0 ] ; then\n    # print error to STDERR\n    echo \"error: The sandbox is not in sync with the Podfile.lock. Run 'pod install' or update your CocoaPods installation.\" >&2\n    exit 1\nfi\n# This output is used by Xcode 'outputs' to avoid re-running this script phase.\necho \"SUCCESS\" > \"${SCRIPT_OUTPUT_FILE_0}\"\n";
			showEnvVarsInLog = 0;
		};
		5C19A48C301C40C0637BCD32 /* [CP] Check Pods Manifest.lock */ = {
			isa = PBXShellScriptBuildPhase;
			buildActionMask = 2147483647;
			files = (
			);
			inputFileListPaths = (
			);
			inputPaths = (
				"${PODS_PODFILE_DIR_PATH}/Podfile.lock",
				"${PODS_ROOT}/Manifest.lock",
			);
			name = "[CP] Check Pods Manifest.lock";
			outputFileListPaths = (
			);
			outputPaths = (
				"$(DERIVED_FILE_DIR)/Pods-LineChartDentalStatsTests-checkManifestLockResult.txt",
			);
			runOnlyForDeploymentPostprocessing = 0;
			shellPath = /bin/sh;
			shellScript = "diff \"${PODS_PODFILE_DIR_PATH}/Podfile.lock\" \"${PODS_ROOT}/Manifest.lock\" > /dev/null\nif [ $? != 0 ] ; then\n    # print error to STDERR\n    echo \"error: The sandbox is not in sync with the Podfile.lock. Run 'pod install' or update your CocoaPods installation.\" >&2\n    exit 1\nfi\n# This output is used by Xcode 'outputs' to avoid re-running this script phase.\necho \"SUCCESS\" > \"${SCRIPT_OUTPUT_FILE_0}\"\n";
			showEnvVarsInLog = 0;
		};
		888F71D0D257641BB8397A01 /* [CP] Embed Pods Frameworks */ = {
			isa = PBXShellScriptBuildPhase;
			buildActionMask = 2147483647;
			files = (
			);
			inputFileListPaths = (
				"${PODS_ROOT}/Target Support Files/Pods-LineChartDentalStatsTests/Pods-LineChartDentalStatsTests-frameworks-${CONFIGURATION}-input-files.xcfilelist",
			);
			name = "[CP] Embed Pods Frameworks";
			outputFileListPaths = (
				"${PODS_ROOT}/Target Support Files/Pods-LineChartDentalStatsTests/Pods-LineChartDentalStatsTests-frameworks-${CONFIGURATION}-output-files.xcfilelist",
			);
			runOnlyForDeploymentPostprocessing = 0;
			shellPath = /bin/sh;
			shellScript = "\"${PODS_ROOT}/Target Support Files/Pods-LineChartDentalStatsTests/Pods-LineChartDentalStatsTests-frameworks.sh\"\n";
			showEnvVarsInLog = 0;
		};
		C6CC4D4A4F6067BE34E86116 /* [CP] Embed Pods Frameworks */ = {
			isa = PBXShellScriptBuildPhase;
			buildActionMask = 2147483647;
			files = (
			);
			inputFileListPaths = (
				"${PODS_ROOT}/Target Support Files/Pods-LineChartDentalStats/Pods-LineChartDentalStats-frameworks-${CONFIGURATION}-input-files.xcfilelist",
			);
			name = "[CP] Embed Pods Frameworks";
			outputFileListPaths = (
				"${PODS_ROOT}/Target Support Files/Pods-LineChartDentalStats/Pods-LineChartDentalStats-frameworks-${CONFIGURATION}-output-files.xcfilelist",
			);
			runOnlyForDeploymentPostprocessing = 0;
			shellPath = /bin/sh;
			shellScript = "\"${PODS_ROOT}/Target Support Files/Pods-LineChartDentalStats/Pods-LineChartDentalStats-frameworks.sh\"\n";
			showEnvVarsInLog = 0;
		};
/* End PBXShellScriptBuildPhase section */

/* Begin PBXSourcesBuildPhase section */
		EE919D6A2405A88700176E32 /* Sources */ = {
			isa = PBXSourcesBuildPhase;
			buildActionMask = 2147483647;
			files = (
				EE919D712405A88700176E32 /* LineChartDentalStatsUITests.swift in Sources */,
			);
			runOnlyForDeploymentPostprocessing = 0;
		};
		EECB49F424038867007326E4 /* Sources */ = {
			isa = PBXSourcesBuildPhase;
			buildActionMask = 2147483647;
			files = (
				EECB4A10240389B4007326E4 /* DentalDataPoint.swift in Sources */,
				EECB4A0024038867007326E4 /* ViewController.swift in Sources */,
				EECB49FC24038867007326E4 /* AppDelegate.swift in Sources */,
				EE919D3F2404B04E00176E32 /* DentalDataPoints.swift in Sources */,
				EECB49FE24038867007326E4 /* SceneDelegate.swift in Sources */,
			);
			runOnlyForDeploymentPostprocessing = 0;
		};
		EECB4A1324039026007326E4 /* Sources */ = {
			isa = PBXSourcesBuildPhase;
			buildActionMask = 2147483647;
			files = (
				EE919D3D24049D9C00176E32 /* OHHTTPTest.swift in Sources */,
				EECB4A2124039036007326E4 /* DentalDataPointTests.swift in Sources */,
			);
			runOnlyForDeploymentPostprocessing = 0;
		};
/* End PBXSourcesBuildPhase section */

/* Begin PBXTargetDependency section */
		EE919D742405A88700176E32 /* PBXTargetDependency */ = {
			isa = PBXTargetDependency;
			target = EECB49F724038867007326E4 /* LineChartDentalStats */;
			targetProxy = EE919D732405A88700176E32 /* PBXContainerItemProxy */;
		};
		EECB4A1D24039026007326E4 /* PBXTargetDependency */ = {
			isa = PBXTargetDependency;
			target = EECB49F724038867007326E4 /* LineChartDentalStats */;
			targetProxy = EECB4A1C24039026007326E4 /* PBXContainerItemProxy */;
		};
/* End PBXTargetDependency section */

/* Begin PBXVariantGroup section */
		EECB4A0124038867007326E4 /* Main.storyboard */ = {
			isa = PBXVariantGroup;
			children = (
				EECB4A0224038867007326E4 /* Base */,
			);
			name = Main.storyboard;
			sourceTree = "<group>";
		};
		EECB4A062403886A007326E4 /* LaunchScreen.storyboard */ = {
			isa = PBXVariantGroup;
			children = (
				EECB4A072403886A007326E4 /* Base */,
			);
			name = LaunchScreen.storyboard;
			sourceTree = "<group>";
		};
/* End PBXVariantGroup section */

/* Begin XCBuildConfiguration section */
		EE919D752405A88700176E32 /* Debug */ = {
			isa = XCBuildConfiguration;
			buildSettings = {
				CODE_SIGN_STYLE = Automatic;
				DEVELOPMENT_TEAM = RSCWF39P88;
				INFOPLIST_FILE = LineChartDentalStatsUITests/Info.plist;
				LD_RUNPATH_SEARCH_PATHS = (
					"$(inherited)",
					"@executable_path/Frameworks",
					"@loader_path/Frameworks",
				);
				PRODUCT_BUNDLE_IDENTIFIER = CCSF.LineChartDentalStatsUITests;
				PRODUCT_NAME = "$(TARGET_NAME)";
				SWIFT_VERSION = 5.0;
				TARGETED_DEVICE_FAMILY = "1,2";
				TEST_TARGET_NAME = LineChartDentalStats;
			};
			name = Debug;
		};
		EE919D762405A88700176E32 /* Release */ = {
			isa = XCBuildConfiguration;
			buildSettings = {
				CODE_SIGN_STYLE = Automatic;
				DEVELOPMENT_TEAM = RSCWF39P88;
				INFOPLIST_FILE = LineChartDentalStatsUITests/Info.plist;
				LD_RUNPATH_SEARCH_PATHS = (
					"$(inherited)",
					"@executable_path/Frameworks",
					"@loader_path/Frameworks",
				);
				PRODUCT_BUNDLE_IDENTIFIER = CCSF.LineChartDentalStatsUITests;
				PRODUCT_NAME = "$(TARGET_NAME)";
				SWIFT_VERSION = 5.0;
				TARGETED_DEVICE_FAMILY = "1,2";
				TEST_TARGET_NAME = LineChartDentalStats;
			};
			name = Release;
		};
		EECB4A0A2403886A007326E4 /* Debug */ = {
			isa = XCBuildConfiguration;
			buildSettings = {
				ALWAYS_SEARCH_USER_PATHS = NO;
				CLANG_ANALYZER_NONNULL = YES;
				CLANG_ANALYZER_NUMBER_OBJECT_CONVERSION = YES_AGGRESSIVE;
				CLANG_CXX_LANGUAGE_STANDARD = "gnu++14";
				CLANG_CXX_LIBRARY = "libc++";
				CLANG_ENABLE_MODULES = YES;
				CLANG_ENABLE_OBJC_ARC = YES;
				CLANG_ENABLE_OBJC_WEAK = YES;
				CLANG_WARN_BLOCK_CAPTURE_AUTORELEASING = YES;
				CLANG_WARN_BOOL_CONVERSION = YES;
				CLANG_WARN_COMMA = YES;
				CLANG_WARN_CONSTANT_CONVERSION = YES;
				CLANG_WARN_DEPRECATED_OBJC_IMPLEMENTATIONS = YES;
				CLANG_WARN_DIRECT_OBJC_ISA_USAGE = YES_ERROR;
				CLANG_WARN_DOCUMENTATION_COMMENTS = YES;
				CLANG_WARN_EMPTY_BODY = YES;
				CLANG_WARN_ENUM_CONVERSION = YES;
				CLANG_WARN_INFINITE_RECURSION = YES;
				CLANG_WARN_INT_CONVERSION = YES;
				CLANG_WARN_NON_LITERAL_NULL_CONVERSION = YES;
				CLANG_WARN_OBJC_IMPLICIT_RETAIN_SELF = YES;
				CLANG_WARN_OBJC_LITERAL_CONVERSION = YES;
				CLANG_WARN_OBJC_ROOT_CLASS = YES_ERROR;
				CLANG_WARN_RANGE_LOOP_ANALYSIS = YES;
				CLANG_WARN_STRICT_PROTOTYPES = YES;
				CLANG_WARN_SUSPICIOUS_MOVE = YES;
				CLANG_WARN_UNGUARDED_AVAILABILITY = YES_AGGRESSIVE;
				CLANG_WARN_UNREACHABLE_CODE = YES;
				CLANG_WARN__DUPLICATE_METHOD_MATCH = YES;
				COPY_PHASE_STRIP = NO;
				DEBUG_INFORMATION_FORMAT = dwarf;
				ENABLE_STRICT_OBJC_MSGSEND = YES;
				ENABLE_TESTABILITY = YES;
				GCC_C_LANGUAGE_STANDARD = gnu11;
				GCC_DYNAMIC_NO_PIC = NO;
				GCC_NO_COMMON_BLOCKS = YES;
				GCC_OPTIMIZATION_LEVEL = 0;
				GCC_PREPROCESSOR_DEFINITIONS = (
					"DEBUG=1",
					"$(inherited)",
				);
				GCC_WARN_64_TO_32_BIT_CONVERSION = YES;
				GCC_WARN_ABOUT_RETURN_TYPE = YES_ERROR;
				GCC_WARN_UNDECLARED_SELECTOR = YES;
				GCC_WARN_UNINITIALIZED_AUTOS = YES_AGGRESSIVE;
				GCC_WARN_UNUSED_FUNCTION = YES;
				GCC_WARN_UNUSED_VARIABLE = YES;
				IPHONEOS_DEPLOYMENT_TARGET = 13.2;
				MTL_ENABLE_DEBUG_INFO = INCLUDE_SOURCE;
				MTL_FAST_MATH = YES;
				ONLY_ACTIVE_ARCH = YES;
				SDKROOT = iphoneos;
				SWIFT_ACTIVE_COMPILATION_CONDITIONS = DEBUG;
				SWIFT_OPTIMIZATION_LEVEL = "-Onone";
			};
			name = Debug;
		};
		EECB4A0B2403886A007326E4 /* Release */ = {
			isa = XCBuildConfiguration;
			buildSettings = {
				ALWAYS_SEARCH_USER_PATHS = NO;
				CLANG_ANALYZER_NONNULL = YES;
				CLANG_ANALYZER_NUMBER_OBJECT_CONVERSION = YES_AGGRESSIVE;
				CLANG_CXX_LANGUAGE_STANDARD = "gnu++14";
				CLANG_CXX_LIBRARY = "libc++";
				CLANG_ENABLE_MODULES = YES;
				CLANG_ENABLE_OBJC_ARC = YES;
				CLANG_ENABLE_OBJC_WEAK = YES;
				CLANG_WARN_BLOCK_CAPTURE_AUTORELEASING = YES;
				CLANG_WARN_BOOL_CONVERSION = YES;
				CLANG_WARN_COMMA = YES;
				CLANG_WARN_CONSTANT_CONVERSION = YES;
				CLANG_WARN_DEPRECATED_OBJC_IMPLEMENTATIONS = YES;
				CLANG_WARN_DIRECT_OBJC_ISA_USAGE = YES_ERROR;
				CLANG_WARN_DOCUMENTATION_COMMENTS = YES;
				CLANG_WARN_EMPTY_BODY = YES;
				CLANG_WARN_ENUM_CONVERSION = YES;
				CLANG_WARN_INFINITE_RECURSION = YES;
				CLANG_WARN_INT_CONVERSION = YES;
				CLANG_WARN_NON_LITERAL_NULL_CONVERSION = YES;
				CLANG_WARN_OBJC_IMPLICIT_RETAIN_SELF = YES;
				CLANG_WARN_OBJC_LITERAL_CONVERSION = YES;
				CLANG_WARN_OBJC_ROOT_CLASS = YES_ERROR;
				CLANG_WARN_RANGE_LOOP_ANALYSIS = YES;
				CLANG_WARN_STRICT_PROTOTYPES = YES;
				CLANG_WARN_SUSPICIOUS_MOVE = YES;
				CLANG_WARN_UNGUARDED_AVAILABILITY = YES_AGGRESSIVE;
				CLANG_WARN_UNREACHABLE_CODE = YES;
				CLANG_WARN__DUPLICATE_METHOD_MATCH = YES;
				COPY_PHASE_STRIP = NO;
				DEBUG_INFORMATION_FORMAT = "dwarf-with-dsym";
				ENABLE_NS_ASSERTIONS = NO;
				ENABLE_STRICT_OBJC_MSGSEND = YES;
				GCC_C_LANGUAGE_STANDARD = gnu11;
				GCC_NO_COMMON_BLOCKS = YES;
				GCC_WARN_64_TO_32_BIT_CONVERSION = YES;
				GCC_WARN_ABOUT_RETURN_TYPE = YES_ERROR;
				GCC_WARN_UNDECLARED_SELECTOR = YES;
				GCC_WARN_UNINITIALIZED_AUTOS = YES_AGGRESSIVE;
				GCC_WARN_UNUSED_FUNCTION = YES;
				GCC_WARN_UNUSED_VARIABLE = YES;
				IPHONEOS_DEPLOYMENT_TARGET = 13.2;
				MTL_ENABLE_DEBUG_INFO = NO;
				MTL_FAST_MATH = YES;
				SDKROOT = iphoneos;
				SWIFT_COMPILATION_MODE = wholemodule;
				SWIFT_OPTIMIZATION_LEVEL = "-O";
				VALIDATE_PRODUCT = YES;
			};
			name = Release;
		};
		EECB4A0D2403886A007326E4 /* Debug */ = {
			isa = XCBuildConfiguration;
			baseConfigurationReference = B481AB021420343B2590F0FD /* Pods-LineChartDentalStats.debug.xcconfig */;
			buildSettings = {
				ASSETCATALOG_COMPILER_APPICON_NAME = AppIcon;
				CODE_SIGN_STYLE = Automatic;
				DEVELOPMENT_TEAM = RSCWF39P88;
				INFOPLIST_FILE = LineChartDentalStats/Info.plist;
				LD_RUNPATH_SEARCH_PATHS = (
					"$(inherited)",
					"@executable_path/Frameworks",
				);
				PRODUCT_BUNDLE_IDENTIFIER = CCSF.LineChartDentalStats;
				PRODUCT_NAME = "$(TARGET_NAME)";
				SWIFT_VERSION = 5.0;
				TARGETED_DEVICE_FAMILY = "1,2";
			};
			name = Debug;
		};
		EECB4A0E2403886A007326E4 /* Release */ = {
			isa = XCBuildConfiguration;
			baseConfigurationReference = D0BD00092AD8AF5AA9F2E470 /* Pods-LineChartDentalStats.release.xcconfig */;
			buildSettings = {
				ASSETCATALOG_COMPILER_APPICON_NAME = AppIcon;
				CODE_SIGN_STYLE = Automatic;
				DEVELOPMENT_TEAM = RSCWF39P88;
				INFOPLIST_FILE = LineChartDentalStats/Info.plist;
				LD_RUNPATH_SEARCH_PATHS = (
					"$(inherited)",
					"@executable_path/Frameworks",
				);
				PRODUCT_BUNDLE_IDENTIFIER = CCSF.LineChartDentalStats;
				PRODUCT_NAME = "$(TARGET_NAME)";
				SWIFT_VERSION = 5.0;
				TARGETED_DEVICE_FAMILY = "1,2";
			};
			name = Release;
		};
		EECB4A1F24039026007326E4 /* Debug */ = {
			isa = XCBuildConfiguration;
			baseConfigurationReference = AAEC47B1300F9DD028DFFE64 /* Pods-LineChartDentalStatsTests.debug.xcconfig */;
			buildSettings = {
				BUNDLE_LOADER = "$(TEST_HOST)";
				CODE_SIGN_STYLE = Automatic;
				DEVELOPMENT_TEAM = RSCWF39P88;
				INFOPLIST_FILE = LineChartDentalStatsTests/Info.plist;
				LD_RUNPATH_SEARCH_PATHS = (
					"$(inherited)",
					"@executable_path/Frameworks",
					"@loader_path/Frameworks",
				);
				PRODUCT_BUNDLE_IDENTIFIER = CCSF.LineChartDentalStatsTests;
				PRODUCT_NAME = "$(TARGET_NAME)";
				SWIFT_VERSION = 5.0;
				TARGETED_DEVICE_FAMILY = "1,2";
				TEST_HOST = "$(BUILT_PRODUCTS_DIR)/LineChartDentalStats.app/LineChartDentalStats";
			};
			name = Debug;
		};
		EECB4A2024039026007326E4 /* Release */ = {
			isa = XCBuildConfiguration;
			baseConfigurationReference = 84584069BA813F26BC04F749 /* Pods-LineChartDentalStatsTests.release.xcconfig */;
			buildSettings = {
				BUNDLE_LOADER = "$(TEST_HOST)";
				CODE_SIGN_STYLE = Automatic;
				DEVELOPMENT_TEAM = RSCWF39P88;
				INFOPLIST_FILE = LineChartDentalStatsTests/Info.plist;
				LD_RUNPATH_SEARCH_PATHS = (
					"$(inherited)",
					"@executable_path/Frameworks",
					"@loader_path/Frameworks",
				);
				PRODUCT_BUNDLE_IDENTIFIER = CCSF.LineChartDentalStatsTests;
				PRODUCT_NAME = "$(TARGET_NAME)";
				SWIFT_VERSION = 5.0;
				TARGETED_DEVICE_FAMILY = "1,2";
				TEST_HOST = "$(BUILT_PRODUCTS_DIR)/LineChartDentalStats.app/LineChartDentalStats";
			};
			name = Release;
		};
/* End XCBuildConfiguration section */

/* Begin XCConfigurationList section */
		EE919D772405A88700176E32 /* Build configuration list for PBXNativeTarget "LineChartDentalStatsUITests" */ = {
			isa = XCConfigurationList;
			buildConfigurations = (
				EE919D752405A88700176E32 /* Debug */,
				EE919D762405A88700176E32 /* Release */,
			);
			defaultConfigurationIsVisible = 0;
			defaultConfigurationName = Release;
		};
		EECB49F324038867007326E4 /* Build configuration list for PBXProject "LineChartDentalStats" */ = {
			isa = XCConfigurationList;
			buildConfigurations = (
				EECB4A0A2403886A007326E4 /* Debug */,
				EECB4A0B2403886A007326E4 /* Release */,
			);
			defaultConfigurationIsVisible = 0;
			defaultConfigurationName = Release;
		};
		EECB4A0C2403886A007326E4 /* Build configuration list for PBXNativeTarget "LineChartDentalStats" */ = {
			isa = XCConfigurationList;
			buildConfigurations = (
				EECB4A0D2403886A007326E4 /* Debug */,
				EECB4A0E2403886A007326E4 /* Release */,
			);
			defaultConfigurationIsVisible = 0;
			defaultConfigurationName = Release;
		};
		EECB4A1E24039026007326E4 /* Build configuration list for PBXNativeTarget "LineChartDentalStatsTests" */ = {
			isa = XCConfigurationList;
			buildConfigurations = (
				EECB4A1F24039026007326E4 /* Debug */,
				EECB4A2024039026007326E4 /* Release */,
			);
			defaultConfigurationIsVisible = 0;
			defaultConfigurationName = Release;
		};
/* End XCConfigurationList section */
	};
	rootObject = EECB49F024038867007326E4 /* Project object */;
}
