PODS:
  - Alamofire (5.0.2)
  - Charts (3.4.0):
    - Charts/Core (= 3.4.0)
  - Charts/Core (3.4.0)
  - OHHTTPStubs (9.0.0):
    - OHHTTPStubs/Default (= 9.0.0)
  - OHHTTPStubs/Core (9.0.0)
  - OHHTTPStubs/Default (9.0.0):
    - OHHTTPStubs/Core
    - OHHTTPStubs/JSON
    - OHHTTPStubs/NSURLSession
    - OHHTTPStubs/OHPathHelpers
  - OHHTTPStubs/JSON (9.0.0):
    - OHHTTPStubs/Core
  - OHHTTPStubs/NSURLSession (9.0.0):
    - OHHTTPStubs/Core
  - OHHTTPStubs/OHPathHelpers (9.0.0)
  - OHHTTPStubs/Swift (9.0.0):
    - OHHTTPStubs/Default
  - SteviaLayout (4.5.0)

DEPENDENCIES:
  - Alamofire
  - Charts
  - OHHTTPStubs
  - OHHTTPStubs/Swift
  - SteviaLayout (= 4.5.0)

SPEC REPOS:
  trunk:
    - Alamofire
    - Charts
    - OHHTTPStubs
    - SteviaLayout

SPEC CHECKSUMS:
  Alamofire: 3ba7a4db18b4f62c4a1c0e1cb39d7f3d52e10ada
  Charts: 74c9f256eaf0460c0c416522d1cf8c634ea6b286
  OHHTTPStubs: cb29d2a9d09a828ecb93349a2b0c64f99e0db89f
  SteviaLayout: aa64a62810544348c9e328a6521cb9160fa82ec6

PODFILE CHECKSUM: f4df92923f45c920c057f21f061ba47ed46f0e8b

COCOAPODS: 1.8.4
